
Microsoft Visual Studio Solution File, Format Version 12.00
# Visual Studio Version 17
VisualStudioVersion = 17.4.33103.184
MinimumVisualStudioVersion = 10.0.40219.1
Project("{9A19103F-16F7-4668-BE54-9A1E7A4F7556}") = "WebApplication3", "WebApplication3.csproj", "{D82B4C5E-4A6D-4E49-B256-5CA5F50A6EBD}"
EndProject
Global
	GlobalSection(SolutionConfigurationPlatforms) = preSolution
		Debug|Any CPU = Debug|Any CPU
		Release|Any CPU = Release|Any CPU
	EndGlobalSection
	GlobalSection(ProjectConfigurationPlatforms) = postSolution
		{D82B4C5E-4A6D-4E49-B256-5CA5F50A6EBD}.Debug|Any CPU.ActiveCfg = Debug|Any CPU
		{D82B4C5E-4A6D-4E49-B256-5CA5F50A6EBD}.Debug|Any CPU.Build.0 = Debug|Any CPU
		{D82B4C5E-4A6D-4E49-B256-5CA5F50A6EBD}.Release|Any CPU.ActiveCfg = Release|Any CPU
		{D82B4C5E-4A6D-4E49-B256-5CA5F50A6EBD}.Release|Any CPU.Build.0 = Release|Any CPU
	EndGlobalSection
	GlobalSection(SolutionProperties) = preSolution
		HideSolutionNode = FALSE
	EndGlobalSection
	GlobalSection(ExtensibilityGlobals) = postSolution
		SolutionGuid = {54F3365A-575C-469E-9D58-F0EC8533FC74}
	EndGlobalSection
EndGlobal
